
Microsoft Visual Studio Solution File, Format Version 12.00
# Visual Studio Version 17
VisualStudioVersion = 17.10.35004.147
MinimumVisualStudioVersion = 10.0.40219.1
Project("{F184B08F-C81C-45F6-A57F-5ABD9991F28F}") = "GFormAPP", "GFormAPP\GFormAPP.vbproj", "{C6FA4C29-6ADE-4DFD-BA03-5788B7CC0F4B}"
EndProject
Global
	GlobalSection(SolutionConfigurationPlatforms) = preSolution
		Debug|Any CPU = Debug|Any CPU
		Release|Any CPU = Release|Any CPU
	EndGlobalSection
	GlobalSection(ProjectConfigurationPlatforms) = postSolution
		{C6FA4C29-6ADE-4DFD-BA03-5788B7CC0F4B}.Debug|Any CPU.ActiveCfg = Debug|Any CPU
		{C6FA4C29-6ADE-4DFD-BA03-5788B7CC0F4B}.Debug|Any CPU.Build.0 = Debug|Any CPU
		{C6FA4C29-6ADE-4DFD-BA03-5788B7CC0F4B}.Release|Any CPU.ActiveCfg = Release|Any CPU
		{C6FA4C29-6ADE-4DFD-BA03-5788B7CC0F4B}.Release|Any CPU.Build.0 = Release|Any CPU
	EndGlobalSection
	GlobalSection(SolutionProperties) = preSolution
		HideSolutionNode = FALSE
	EndGlobalSection
	GlobalSection(ExtensibilityGlobals) = postSolution
		SolutionGuid = {CC96E5E2-6202-47BB-BA97-AAD420FE61FD}
	EndGlobalSection
EndGlobal
